<?xml version="1.0" encoding="utf-8"?>
<Project ToolsVersion="4.0" xmlns="http://schemas.microsoft.com/developer/msbuild/2003">
  <ItemGroup>
    <Filter Include="Source Files">
      <UniqueIdentifier>{4FC737F1-C7A5-4376-A066-2A32D752A2FF}</UniqueIdentifier>
      <Extensions>cpp;c;cc;cxx;def;odl;idl;hpj;bat;asm;asmx</Extensions>
    </Filter>
    <Filter Include="Header Files">
      <UniqueIdentifier>{93995380-89BD-4b04-88EB-625FBE52EBFB}</UniqueIdentifier>
      <Extensions>h;hh;hpp;hxx;hm;inl;inc;ipp;xsd</Extensions>
    </Filter>
    <Filter Include="Resource Files">
      <UniqueIdentifier>{67DA6AB6-F800-4c08-8B7A-83BB121AAD01}</UniqueIdentifier>
      <Extensions>rc;ico;cur;bmp;dlg;rc2;rct;bin;rgs;gif;jpg;jpeg;jpe;resx;tiff;tif;png;wav;mfcribbon-ms</Extensions>
    </Filter>
  </ItemGroup>
  <ItemGroup>
    <ClCompile Include="main.cpp">
      <Filter>Source Files</Filter>
    </ClCompile>
    <ClCompile Include="FVector3.cpp">
      <Filter>Source Files</Filter>
    </ClCompile>
    <ClCompile Include="FQuaternion.cpp">
      <Filter>Source Files</Filter>
    </ClCompile>
    <ClCompile Include="FTransform.cpp">
      <Filter>Source Files</Filter>
    </ClCompile>
    <ClCompile Include="GameObject.cpp">
      <Filter>Source Files</Filter>
    </ClCompile>
    <ClCompile Include="GameObject2D.cpp">
      <Filter>Source Files</Filter>
    </ClCompile>
    <ClCompile Include="PhysicsBody2D.cpp">
      <Filter>Source Files</Filter>
    </ClCompile>
    <ClCompile Include="Star2D.cpp">
      <Filter>Source Files</Filter>
    </ClCompile>
    <ClCompile Include="LTexture.cpp">
      <Filter>Source Files</Filter>
    </ClCompile>
    <ClCompile Include="Game.cpp">
      <Filter>Source Files</Filter>
    </ClCompile>
    <ClCompile Include="LWindow.cpp">
      <Filter>Source Files</Filter>
    </ClCompile>
    <ClCompile Include="Game2D.cpp">
      <Filter>Source Files</Filter>
    </ClCompile>
    <ClCompile Include="FMatrix.cpp">
      <Filter>Source Files</Filter>
    </ClCompile>
    <ClCompile Include="Scene_Matrix.cpp">
      <Filter>Source Files</Filter>
    </ClCompile>
    <ClCompile Include="Scene_Orbit.cpp">
      <Filter>Source Files</Filter>
    </ClCompile>
    <ClCompile Include="Scene_JetskiAssignment2D.cpp">
      <Filter>Source Files</Filter>
    </ClCompile>
    <ClCompile Include="Scene_Starship.cpp">
      <Filter>Source Files</Filter>
    </ClCompile>
  </ItemGroup>
  <ItemGroup>
    <ClInclude Include="FVector3.h">
      <Filter>Header Files</Filter>
    </ClInclude>
    <ClInclude Include="FQuaternion.h">
      <Filter>Header Files</Filter>
    </ClInclude>
    <ClInclude Include="FTransform.h">
      <Filter>Header Files</Filter>
    </ClInclude>
    <ClInclude Include="GameObject.h">
      <Filter>Header Files</Filter>
    </ClInclude>
    <ClInclude Include="GameObject2D.h">
      <Filter>Header Files</Filter>
    </ClInclude>
    <ClInclude Include="PhysicsBody2D.h">
      <Filter>Header Files</Filter>
    </ClInclude>
    <ClInclude Include="Star2D.h">
      <Filter>Header Files</Filter>
    </ClInclude>
    <ClInclude Include="LTexture.h">
      <Filter>Header Files</Filter>
    </ClInclude>
    <ClInclude Include="Game.h">
      <Filter>Header Files</Filter>
    </ClInclude>
    <ClInclude Include="LWindow.h">
      <Filter>Header Files</Filter>
    </ClInclude>
    <ClInclude Include="resource.h">
      <Filter>Header Files</Filter>
    </ClInclude>
    <ClInclude Include="Game2D.h">
      <Filter>Header Files</Filter>
    </ClInclude>
    <ClInclude Include="FMatrix.h">
      <Filter>Header Files</Filter>
    </ClInclude>
    <ClInclude Include="Scene_Matrix.h">
      <Filter>Header Files</Filter>
    </ClInclude>
    <ClInclude Include="Scene_Orbit.h">
      <Filter>Header Files</Filter>
    </ClInclude>
    <ClInclude Include="SceneHeader.h">
      <Filter>Header Files</Filter>
    </ClInclude>
    <ClInclude Include="Scene_JetskiAssignment2D.h">
      <Filter>Header Files</Filter>
    </ClInclude>
    <ClInclude Include="Scene_Starship.h">
      <Filter>Header Files</Filter>
    </ClInclude>
  </ItemGroup>
  <ItemGroup>
    <ResourceCompile Include="GameEngine.rc">
      <Filter>Resource Files</Filter>
    </ResourceCompile>
  </ItemGroup>
</Project>